
Microsoft Visual Studio Solution File, Format Version 12.00
# Visual Studio Version 17
VisualStudioVersion = 17.0.32014.148
MinimumVisualStudioVersion = 10.0.40219.1
Project("{2150E333-8FDC-42A3-9474-1A3956D46DE8}") = "ReswPlus", "ReswPlus", "{AEA1103C-E9B0-411A-84B7-5C862D882C76}"
EndProject
Project("{2150E333-8FDC-42A3-9474-1A3956D46DE8}") = "UnitTests", "UnitTests", "{DBAECAB4-F16A-468F-88FD-D04663C30010}"
EndProject
Project("{2150E333-8FDC-42A3-9474-1A3956D46DE8}") = "Sample", "Sample", "{4BD10210-21B2-4566-BDCD-F7D2F4DEB6D8}"
EndProject
Project("{9A19103F-16F7-4668-BE54-9A1E7A4F7556}") = "ReswPlusCmd", "CommandLineTool\ReswPlusCmd.csproj", "{9CA1ABBD-EE51-4839-860A-87A475421BB6}"
EndProject
Project("{9A19103F-16F7-4668-BE54-9A1E7A4F7556}") = "ReswPlusUnitTests", "Core\UnitTests\ReswPlusUnitTests\ReswPlusUnitTests.csproj", "{D9634D07-CF15-44AD-B8AD-DCAF5D940D0D}"
EndProject
Project("{9A19103F-16F7-4668-BE54-9A1E7A4F7556}") = "ReswPlusSourceGenerator", "SourceGenerator\ReswPlusSourceGenerator.csproj", "{DF27FAEC-348D-41D0-8E62-29E6240E8B34}"
EndProject
Project("{FAE04EC0-301F-11D3-BF4B-00C04F79EFBC}") = "ReswPlusSampleExternalLibrary", "Sample\ReswPlusSampleExternalLibrary\ReswPlusSampleExternalLibrary.csproj", "{9DEC4BEE-A4B0-41AE-926F-4F97450F4115}"
EndProject
Project("{FAE04EC0-301F-11D3-BF4B-00C04F79EFBC}") = "ReswPlusSample", "Sample\ReswPlusSample\ReswPlusSample.csproj", "{C52E4620-D5EB-45CF-8740-EA9CD689F1FA}"
EndProject
Project("{D954291E-2A0B-460D-934E-DC6B0785DB48}") = "ReswPlus.Shared", "ReswPlus.Shared\ReswPlus.Shared.shproj", "{1A6FF0BD-991A-417E-A79D-98EBB4208816}"
EndProject
Global
	GlobalSection(SharedMSBuildProjectFiles) = preSolution
		ReswPlus.Shared\ReswPlus.Shared.projitems*{1a6ff0bd-991a-417e-a79d-98ebb4208816}*SharedItemsImports = 13
		ReswPlus.Shared\ReswPlus.Shared.projitems*{9ca1abbd-ee51-4839-860a-87a475421bb6}*SharedItemsImports = 5
		ReswPlus.Shared\ReswPlus.Shared.projitems*{df27faec-348d-41d0-8e62-29e6240e8b34}*SharedItemsImports = 5
	EndGlobalSection
	GlobalSection(SolutionConfigurationPlatforms) = preSolution
		Debug|Any CPU = Debug|Any CPU
		Debug|ARM = Debug|ARM
		Debug|ARM64 = Debug|ARM64
		Debug|x64 = Debug|x64
		Debug|x86 = Debug|x86
		Release|Any CPU = Release|Any CPU
		Release|ARM = Release|ARM
		Release|ARM64 = Release|ARM64
		Release|x64 = Release|x64
		Release|x86 = Release|x86
	EndGlobalSection
	GlobalSection(ProjectConfigurationPlatforms) = postSolution
		{9CA1ABBD-EE51-4839-860A-87A475421BB6}.Debug|Any CPU.ActiveCfg = Debug|Any CPU
		{9CA1ABBD-EE51-4839-860A-87A475421BB6}.Debug|Any CPU.Build.0 = Debug|Any CPU
		{9CA1ABBD-EE51-4839-860A-87A475421BB6}.Debug|ARM.ActiveCfg = Debug|Any CPU
		{9CA1ABBD-EE51-4839-860A-87A475421BB6}.Debug|ARM.Build.0 = Debug|Any CPU
		{9CA1ABBD-EE51-4839-860A-87A475421BB6}.Debug|ARM64.ActiveCfg = Debug|Any CPU
		{9CA1ABBD-EE51-4839-860A-87A475421BB6}.Debug|ARM64.Build.0 = Debug|Any CPU
		{9CA1ABBD-EE51-4839-860A-87A475421BB6}.Debug|x64.ActiveCfg = Debug|Any CPU
		{9CA1ABBD-EE51-4839-860A-87A475421BB6}.Debug|x64.Build.0 = Debug|Any CPU
		{9CA1ABBD-EE51-4839-860A-87A475421BB6}.Debug|x86.ActiveCfg = Debug|Any CPU
		{9CA1ABBD-EE51-4839-860A-87A475421BB6}.Debug|x86.Build.0 = Debug|Any CPU
		{9CA1ABBD-EE51-4839-860A-87A475421BB6}.Release|Any CPU.ActiveCfg = Release|Any CPU
		{9CA1ABBD-EE51-4839-860A-87A475421BB6}.Release|Any CPU.Build.0 = Release|Any CPU
		{9CA1ABBD-EE51-4839-860A-87A475421BB6}.Release|ARM.ActiveCfg = Release|Any CPU
		{9CA1ABBD-EE51-4839-860A-87A475421BB6}.Release|ARM.Build.0 = Release|Any CPU
		{9CA1ABBD-EE51-4839-860A-87A475421BB6}.Release|ARM64.ActiveCfg = Release|Any CPU
		{9CA1ABBD-EE51-4839-860A-87A475421BB6}.Release|ARM64.Build.0 = Release|Any CPU
		{9CA1ABBD-EE51-4839-860A-87A475421BB6}.Release|x64.ActiveCfg = Release|Any CPU
		{9CA1ABBD-EE51-4839-860A-87A475421BB6}.Release|x64.Build.0 = Release|Any CPU
		{9CA1ABBD-EE51-4839-860A-87A475421BB6}.Release|x86.ActiveCfg = Release|Any CPU
		{9CA1ABBD-EE51-4839-860A-87A475421BB6}.Release|x86.Build.0 = Release|Any CPU
		{D9634D07-CF15-44AD-B8AD-DCAF5D940D0D}.Debug|Any CPU.ActiveCfg = Debug|Any CPU
		{D9634D07-CF15-44AD-B8AD-DCAF5D940D0D}.Debug|Any CPU.Build.0 = Debug|Any CPU
		{D9634D07-CF15-44AD-B8AD-DCAF5D940D0D}.Debug|ARM.ActiveCfg = Debug|Any CPU
		{D9634D07-CF15-44AD-B8AD-DCAF5D940D0D}.Debug|ARM.Build.0 = Debug|Any CPU
		{D9634D07-CF15-44AD-B8AD-DCAF5D940D0D}.Debug|ARM64.ActiveCfg = Debug|Any CPU
		{D9634D07-CF15-44AD-B8AD-DCAF5D940D0D}.Debug|ARM64.Build.0 = Debug|Any CPU
		{D9634D07-CF15-44AD-B8AD-DCAF5D940D0D}.Debug|x64.ActiveCfg = Debug|Any CPU
		{D9634D07-CF15-44AD-B8AD-DCAF5D940D0D}.Debug|x64.Build.0 = Debug|Any CPU
		{D9634D07-CF15-44AD-B8AD-DCAF5D940D0D}.Debug|x86.ActiveCfg = Debug|Any CPU
		{D9634D07-CF15-44AD-B8AD-DCAF5D940D0D}.Debug|x86.Build.0 = Debug|Any CPU
		{D9634D07-CF15-44AD-B8AD-DCAF5D940D0D}.Release|Any CPU.ActiveCfg = Release|Any CPU
		{D9634D07-CF15-44AD-B8AD-DCAF5D940D0D}.Release|Any CPU.Build.0 = Release|Any CPU
		{D9634D07-CF15-44AD-B8AD-DCAF5D940D0D}.Release|ARM.ActiveCfg = Release|Any CPU
		{D9634D07-CF15-44AD-B8AD-DCAF5D940D0D}.Release|ARM.Build.0 = Release|Any CPU
		{D9634D07-CF15-44AD-B8AD-DCAF5D940D0D}.Release|ARM64.ActiveCfg = Release|Any CPU
		{D9634D07-CF15-44AD-B8AD-DCAF5D940D0D}.Release|ARM64.Build.0 = Release|Any CPU
		{D9634D07-CF15-44AD-B8AD-DCAF5D940D0D}.Release|x64.ActiveCfg = Release|Any CPU
		{D9634D07-CF15-44AD-B8AD-DCAF5D940D0D}.Release|x64.Build.0 = Release|Any CPU
		{D9634D07-CF15-44AD-B8AD-DCAF5D940D0D}.Release|x86.ActiveCfg = Release|Any CPU
		{D9634D07-CF15-44AD-B8AD-DCAF5D940D0D}.Release|x86.Build.0 = Release|Any CPU
		{DF27FAEC-348D-41D0-8E62-29E6240E8B34}.Debug|Any CPU.ActiveCfg = Debug|Any CPU
		{DF27FAEC-348D-41D0-8E62-29E6240E8B34}.Debug|Any CPU.Build.0 = Debug|Any CPU
		{DF27FAEC-348D-41D0-8E62-29E6240E8B34}.Debug|ARM.ActiveCfg = Debug|Any CPU
		{DF27FAEC-348D-41D0-8E62-29E6240E8B34}.Debug|ARM.Build.0 = Debug|Any CPU
		{DF27FAEC-348D-41D0-8E62-29E6240E8B34}.Debug|ARM64.ActiveCfg = Debug|Any CPU
		{DF27FAEC-348D-41D0-8E62-29E6240E8B34}.Debug|ARM64.Build.0 = Debug|Any CPU
		{DF27FAEC-348D-41D0-8E62-29E6240E8B34}.Debug|x64.ActiveCfg = Debug|Any CPU
		{DF27FAEC-348D-41D0-8E62-29E6240E8B34}.Debug|x64.Build.0 = Debug|Any CPU
		{DF27FAEC-348D-41D0-8E62-29E6240E8B34}.Debug|x86.ActiveCfg = Debug|Any CPU
		{DF27FAEC-348D-41D0-8E62-29E6240E8B34}.Debug|x86.Build.0 = Debug|Any CPU
		{DF27FAEC-348D-41D0-8E62-29E6240E8B34}.Release|Any CPU.ActiveCfg = Release|Any CPU
		{DF27FAEC-348D-41D0-8E62-29E6240E8B34}.Release|Any CPU.Build.0 = Release|Any CPU
		{DF27FAEC-348D-41D0-8E62-29E6240E8B34}.Release|ARM.ActiveCfg = Release|Any CPU
		{DF27FAEC-348D-41D0-8E62-29E6240E8B34}.Release|ARM.Build.0 = Release|Any CPU
		{DF27FAEC-348D-41D0-8E62-29E6240E8B34}.Release|ARM64.ActiveCfg = Release|Any CPU
		{DF27FAEC-348D-41D0-8E62-29E6240E8B34}.Release|ARM64.Build.0 = Release|Any CPU
		{DF27FAEC-348D-41D0-8E62-29E6240E8B34}.Release|x64.ActiveCfg = Release|Any CPU
		{DF27FAEC-348D-41D0-8E62-29E6240E8B34}.Release|x64.Build.0 = Release|Any CPU
		{DF27FAEC-348D-41D0-8E62-29E6240E8B34}.Release|x86.ActiveCfg = Release|Any CPU
		{DF27FAEC-348D-41D0-8E62-29E6240E8B34}.Release|x86.Build.0 = Release|Any CPU
		{9DEC4BEE-A4B0-41AE-926F-4F97450F4115}.Debug|Any CPU.ActiveCfg = Debug|Any CPU
		{9DEC4BEE-A4B0-41AE-926F-4F97450F4115}.Debug|Any CPU.Build.0 = Debug|Any CPU
		{9DEC4BEE-A4B0-41AE-926F-4F97450F4115}.Debug|ARM.ActiveCfg = Debug|ARM
		{9DEC4BEE-A4B0-41AE-926F-4F97450F4115}.Debug|ARM.Build.0 = Debug|ARM
		{9DEC4BEE-A4B0-41AE-926F-4F97450F4115}.Debug|ARM64.ActiveCfg = Debug|ARM64
		{9DEC4BEE-A4B0-41AE-926F-4F97450F4115}.Debug|ARM64.Build.0 = Debug|ARM64
		{9DEC4BEE-A4B0-41AE-926F-4F97450F4115}.Debug|x64.ActiveCfg = Debug|x64
		{9DEC4BEE-A4B0-41AE-926F-4F97450F4115}.Debug|x64.Build.0 = Debug|x64
		{9DEC4BEE-A4B0-41AE-926F-4F97450F4115}.Debug|x86.ActiveCfg = Debug|x86
		{9DEC4BEE-A4B0-41AE-926F-4F97450F4115}.Debug|x86.Build.0 = Debug|x86
		{9DEC4BEE-A4B0-41AE-926F-4F97450F4115}.Release|Any CPU.ActiveCfg = Release|Any CPU
		{9DEC4BEE-A4B0-41AE-926F-4F97450F4115}.Release|Any CPU.Build.0 = Release|Any CPU
		{9DEC4BEE-A4B0-41AE-926F-4F97450F4115}.Release|ARM.ActiveCfg = Release|ARM
		{9DEC4BEE-A4B0-41AE-926F-4F97450F4115}.Release|ARM.Build.0 = Release|ARM
		{9DEC4BEE-A4B0-41AE-926F-4F97450F4115}.Release|ARM64.ActiveCfg = Release|ARM64
		{9DEC4BEE-A4B0-41AE-926F-4F97450F4115}.Release|ARM64.Build.0 = Release|ARM64
		{9DEC4BEE-A4B0-41AE-926F-4F97450F4115}.Release|x64.ActiveCfg = Release|x64
		{9DEC4BEE-A4B0-41AE-926F-4F97450F4115}.Release|x64.Build.0 = Release|x64
		{9DEC4BEE-A4B0-41AE-926F-4F97450F4115}.Release|x86.ActiveCfg = Release|x86
		{9DEC4BEE-A4B0-41AE-926F-4F97450F4115}.Release|x86.Build.0 = Release|x86
		{C52E4620-D5EB-45CF-8740-EA9CD689F1FA}.Debug|Any CPU.ActiveCfg = Debug|x64
		{C52E4620-D5EB-45CF-8740-EA9CD689F1FA}.Debug|Any CPU.Build.0 = Debug|x64
		{C52E4620-D5EB-45CF-8740-EA9CD689F1FA}.Debug|Any CPU.Deploy.0 = Debug|x64
		{C52E4620-D5EB-45CF-8740-EA9CD689F1FA}.Debug|ARM.ActiveCfg = Debug|ARM
		{C52E4620-D5EB-45CF-8740-EA9CD689F1FA}.Debug|ARM.Build.0 = Debug|ARM
		{C52E4620-D5EB-45CF-8740-EA9CD689F1FA}.Debug|ARM.Deploy.0 = Debug|ARM
		{C52E4620-D5EB-45CF-8740-EA9CD689F1FA}.Debug|ARM64.ActiveCfg = Debug|ARM64
		{C52E4620-D5EB-45CF-8740-EA9CD689F1FA}.Debug|ARM64.Build.0 = Debug|ARM64
		{C52E4620-D5EB-45CF-8740-EA9CD689F1FA}.Debug|ARM64.Deploy.0 = Debug|ARM64
		{C52E4620-D5EB-45CF-8740-EA9CD689F1FA}.Debug|x64.ActiveCfg = Debug|x64
		{C52E4620-D5EB-45CF-8740-EA9CD689F1FA}.Debug|x64.Build.0 = Debug|x64
		{C52E4620-D5EB-45CF-8740-EA9CD689F1FA}.Debug|x64.Deploy.0 = Debug|x64
		{C52E4620-D5EB-45CF-8740-EA9CD689F1FA}.Debug|x86.ActiveCfg = Debug|x86
		{C52E4620-D5EB-45CF-8740-EA9CD689F1FA}.Debug|x86.Build.0 = Debug|x86
		{C52E4620-D5EB-45CF-8740-EA9CD689F1FA}.Debug|x86.Deploy.0 = Debug|x86
		{C52E4620-D5EB-45CF-8740-EA9CD689F1FA}.Release|Any CPU.ActiveCfg = Release|x64
		{C52E4620-D5EB-45CF-8740-EA9CD689F1FA}.Release|Any CPU.Build.0 = Release|x64
		{C52E4620-D5EB-45CF-8740-EA9CD689F1FA}.Release|Any CPU.Deploy.0 = Release|x64
		{C52E4620-D5EB-45CF-8740-EA9CD689F1FA}.Release|ARM.ActiveCfg = Release|ARM
		{C52E4620-D5EB-45CF-8740-EA9CD689F1FA}.Release|ARM.Build.0 = Release|ARM
		{C52E4620-D5EB-45CF-8740-EA9CD689F1FA}.Release|ARM.Deploy.0 = Release|ARM
		{C52E4620-D5EB-45CF-8740-EA9CD689F1FA}.Release|ARM64.ActiveCfg = Release|ARM64
		{C52E4620-D5EB-45CF-8740-EA9CD689F1FA}.Release|ARM64.Build.0 = Release|ARM64
		{C52E4620-D5EB-45CF-8740-EA9CD689F1FA}.Release|ARM64.Deploy.0 = Release|ARM64
		{C52E4620-D5EB-45CF-8740-EA9CD689F1FA}.Release|x64.ActiveCfg = Release|x64
		{C52E4620-D5EB-45CF-8740-EA9CD689F1FA}.Release|x64.Build.0 = Release|x64
		{C52E4620-D5EB-45CF-8740-EA9CD689F1FA}.Release|x64.Deploy.0 = Release|x64
		{C52E4620-D5EB-45CF-8740-EA9CD689F1FA}.Release|x86.ActiveCfg = Release|x86
		{C52E4620-D5EB-45CF-8740-EA9CD689F1FA}.Release|x86.Build.0 = Release|x86
		{C52E4620-D5EB-45CF-8740-EA9CD689F1FA}.Release|x86.Deploy.0 = Release|x86
	EndGlobalSection
	GlobalSection(SolutionProperties) = preSolution
		HideSolutionNode = FALSE
	EndGlobalSection
	GlobalSection(NestedProjects) = preSolution
		{DBAECAB4-F16A-468F-88FD-D04663C30010} = {AEA1103C-E9B0-411A-84B7-5C862D882C76}
		{9CA1ABBD-EE51-4839-860A-87A475421BB6} = {AEA1103C-E9B0-411A-84B7-5C862D882C76}
		{D9634D07-CF15-44AD-B8AD-DCAF5D940D0D} = {DBAECAB4-F16A-468F-88FD-D04663C30010}
		{DF27FAEC-348D-41D0-8E62-29E6240E8B34} = {AEA1103C-E9B0-411A-84B7-5C862D882C76}
		{9DEC4BEE-A4B0-41AE-926F-4F97450F4115} = {4BD10210-21B2-4566-BDCD-F7D2F4DEB6D8}
		{C52E4620-D5EB-45CF-8740-EA9CD689F1FA} = {4BD10210-21B2-4566-BDCD-F7D2F4DEB6D8}
		{1A6FF0BD-991A-417E-A79D-98EBB4208816} = {AEA1103C-E9B0-411A-84B7-5C862D882C76}
	EndGlobalSection
	GlobalSection(ExtensibilityGlobals) = postSolution
		SolutionGuid = {F326D253-1AC6-4224-8FFF-FB419F0980D8}
	EndGlobalSection
EndGlobal
